dependencies:
- name: dex
  repository: https://charts.dexidp.io
  version: 0.20.0
- name: server
  repository: ""
  version: 1.0.0
- name: app
  repository: ""
  version: 1.0.0
digest: sha256:7ecd605bb69ce09ac5c7b205139efc75b864ae81d834f9eae96ae0694fde90b7
generated: "2025-10-18T14:53:08.095745+07:00"
